
Microsoft Visual Studio Solution File, Format Version 12.00
# Visual Studio Version 17
VisualStudioVersion = 17.8.34330.188
MinimumVisualStudioVersion = 10.0.40219.1
Project("{FAE04EC0-301F-11D3-BF4B-00C04F79EFBC}") = "statki", "statki\statki.csproj", "{25613746-D6F4-49A2-A417-7DA8C94E9DBE}"
EndProject
Global
	GlobalSection(SolutionConfigurationPlatforms) = preSolution
		Debug|Any CPU = Debug|Any CPU
		Release|Any CPU = Release|Any CPU
	EndGlobalSection
	GlobalSection(ProjectConfigurationPlatforms) = postSolution
		{25613746-D6F4-49A2-A417-7DA8C94E9DBE}.Debug|Any CPU.ActiveCfg = Debug|Any CPU
		{25613746-D6F4-49A2-A417-7DA8C94E9DBE}.Debug|Any CPU.Build.0 = Debug|Any CPU
		{25613746-D6F4-49A2-A417-7DA8C94E9DBE}.Release|Any CPU.ActiveCfg = Release|Any CPU
		{25613746-D6F4-49A2-A417-7DA8C94E9DBE}.Release|Any CPU.Build.0 = Release|Any CPU
	EndGlobalSection
	GlobalSection(SolutionProperties) = preSolution
		HideSolutionNode = FALSE
	EndGlobalSection
	GlobalSection(ExtensibilityGlobals) = postSolution
		SolutionGuid = {F1E8D5C9-C6AB-4990-937C-1AAC23AAD771}
	EndGlobalSection
EndGlobal
